
Microsoft Visual Studio Solution File, Format Version 12.00
# Visual Studio 2012
Project("{FAE04EC0-301F-11D3-BF4B-00C04F79EFBC}") = "Bank", "Class Library\Bank.csproj", "{8AFF1114-E81B-4C79-B3F7-4A23B6D69E73}"
EndProject
Project("{FAE04EC0-301F-11D3-BF4B-00C04F79EFBC}") = "Bank.Test", "Bank.Test\Bank.Test.csproj", "{3547EA53-9733-469D-9F0D-30D025828465}"
EndProject
Global
	GlobalSection(SolutionConfigurationPlatforms) = preSolution
		Debug|Any CPU = Debug|Any CPU
		Release|Any CPU = Release|Any CPU
	EndGlobalSection
	GlobalSection(ProjectConfigurationPlatforms) = postSolution
		{8AFF1114-E81B-4C79-B3F7-4A23B6D69E73}.Debug|Any CPU.ActiveCfg = Debug|Any CPU
		{8AFF1114-E81B-4C79-B3F7-4A23B6D69E73}.Debug|Any CPU.Build.0 = Debug|Any CPU
		{8AFF1114-E81B-4C79-B3F7-4A23B6D69E73}.Release|Any CPU.ActiveCfg = Release|Any CPU
		{8AFF1114-E81B-4C79-B3F7-4A23B6D69E73}.Release|Any CPU.Build.0 = Release|Any CPU
		{3547EA53-9733-469D-9F0D-30D025828465}.Debug|Any CPU.ActiveCfg = Debug|Any CPU
		{3547EA53-9733-469D-9F0D-30D025828465}.Debug|Any CPU.Build.0 = Debug|Any CPU
		{3547EA53-9733-469D-9F0D-30D025828465}.Release|Any CPU.ActiveCfg = Release|Any CPU
		{3547EA53-9733-469D-9F0D-30D025828465}.Release|Any CPU.Build.0 = Release|Any CPU
	EndGlobalSection
	GlobalSection(SolutionProperties) = preSolution
		HideSolutionNode = FALSE
	EndGlobalSection
EndGlobal
