
Microsoft Visual Studio Solution File, Format Version 12.00
# Visual Studio 2012
Project("{FAE04EC0-301F-11D3-BF4B-00C04F79EFBC}") = "Probelm 1 Knapsack Problem", "Probelm 1 Knapsack Problem\Probelm 1 Knapsack Problem.csproj", "{EE7684A4-5C37-4522-AE1C-6CD3F715CDBA}"
EndProject
Project("{FAE04EC0-301F-11D3-BF4B-00C04F79EFBC}") = "Problem 2 MED", "Problem 2 MED\Problem 2 MED.csproj", "{F8947D53-62B9-4A38-99AB-E8D46F4C0904}"
EndProject
Global
	GlobalSection(SolutionConfigurationPlatforms) = preSolution
		Debug|Any CPU = Debug|Any CPU
		Release|Any CPU = Release|Any CPU
	EndGlobalSection
	GlobalSection(ProjectConfigurationPlatforms) = postSolution
		{EE7684A4-5C37-4522-AE1C-6CD3F715CDBA}.Debug|Any CPU.ActiveCfg = Debug|Any CPU
		{EE7684A4-5C37-4522-AE1C-6CD3F715CDBA}.Debug|Any CPU.Build.0 = Debug|Any CPU
		{EE7684A4-5C37-4522-AE1C-6CD3F715CDBA}.Release|Any CPU.ActiveCfg = Release|Any CPU
		{EE7684A4-5C37-4522-AE1C-6CD3F715CDBA}.Release|Any CPU.Build.0 = Release|Any CPU
		{F8947D53-62B9-4A38-99AB-E8D46F4C0904}.Debug|Any CPU.ActiveCfg = Debug|Any CPU
		{F8947D53-62B9-4A38-99AB-E8D46F4C0904}.Debug|Any CPU.Build.0 = Debug|Any CPU
		{F8947D53-62B9-4A38-99AB-E8D46F4C0904}.Release|Any CPU.ActiveCfg = Release|Any CPU
		{F8947D53-62B9-4A38-99AB-E8D46F4C0904}.Release|Any CPU.Build.0 = Release|Any CPU
	EndGlobalSection
	GlobalSection(SolutionProperties) = preSolution
		HideSolutionNode = FALSE
	EndGlobalSection
EndGlobal
