
Microsoft Visual Studio Solution File, Format Version 12.00
# Visual Studio 2012
Project("{FAE04EC0-301F-11D3-BF4B-00C04F79EFBC}") = "Problem 1 – Document System", "Problem 1 – Document System\Problem 1 – Document System.csproj", "{8DD51DFD-2041-4962-BD05-3790DCC45BC3}"
EndProject
Project("{FAE04EC0-301F-11D3-BF4B-00C04F79EFBC}") = "Problem 2 – Geometry API", "Problem 2 – Geometry API\Problem 2 – Geometry API.csproj", "{756F0A8E-99B2-4A85-BD02-4B46E9E0A254}"
EndProject
Global
	GlobalSection(SolutionConfigurationPlatforms) = preSolution
		Debug|Any CPU = Debug|Any CPU
		Release|Any CPU = Release|Any CPU
	EndGlobalSection
	GlobalSection(ProjectConfigurationPlatforms) = postSolution
		{8DD51DFD-2041-4962-BD05-3790DCC45BC3}.Debug|Any CPU.ActiveCfg = Debug|Any CPU
		{8DD51DFD-2041-4962-BD05-3790DCC45BC3}.Debug|Any CPU.Build.0 = Debug|Any CPU
		{8DD51DFD-2041-4962-BD05-3790DCC45BC3}.Release|Any CPU.ActiveCfg = Release|Any CPU
		{8DD51DFD-2041-4962-BD05-3790DCC45BC3}.Release|Any CPU.Build.0 = Release|Any CPU
		{756F0A8E-99B2-4A85-BD02-4B46E9E0A254}.Debug|Any CPU.ActiveCfg = Debug|Any CPU
		{756F0A8E-99B2-4A85-BD02-4B46E9E0A254}.Debug|Any CPU.Build.0 = Debug|Any CPU
		{756F0A8E-99B2-4A85-BD02-4B46E9E0A254}.Release|Any CPU.ActiveCfg = Release|Any CPU
		{756F0A8E-99B2-4A85-BD02-4B46E9E0A254}.Release|Any CPU.Build.0 = Release|Any CPU
	EndGlobalSection
	GlobalSection(SolutionProperties) = preSolution
		HideSolutionNode = FALSE
	EndGlobalSection
EndGlobal
