
Microsoft Visual Studio Solution File, Format Version 12.00
# Visual Studio 2012
Project("{FAE04EC0-301F-11D3-BF4B-00C04F79EFBC}") = "Factory Method", "Factory Method\Factory Method.csproj", "{3DADFBA6-FE05-49ED-9BA1-77FEEC96548B}"
EndProject
Project("{FAE04EC0-301F-11D3-BF4B-00C04F79EFBC}") = "Iterator", "Iterator\Iterator.csproj", "{33E1A238-A9C9-44CF-86D3-3A48828FEB23}"
EndProject
Project("{FAE04EC0-301F-11D3-BF4B-00C04F79EFBC}") = "Proxy", "Proxy\Proxy.csproj", "{169D68F2-5145-459F-8386-FA7C8E962FB9}"
EndProject
Global
	GlobalSection(SolutionConfigurationPlatforms) = preSolution
		Debug|Any CPU = Debug|Any CPU
		Release|Any CPU = Release|Any CPU
	EndGlobalSection
	GlobalSection(ProjectConfigurationPlatforms) = postSolution
		{3DADFBA6-FE05-49ED-9BA1-77FEEC96548B}.Debug|Any CPU.ActiveCfg = Debug|Any CPU
		{3DADFBA6-FE05-49ED-9BA1-77FEEC96548B}.Debug|Any CPU.Build.0 = Debug|Any CPU
		{3DADFBA6-FE05-49ED-9BA1-77FEEC96548B}.Release|Any CPU.ActiveCfg = Release|Any CPU
		{3DADFBA6-FE05-49ED-9BA1-77FEEC96548B}.Release|Any CPU.Build.0 = Release|Any CPU
		{33E1A238-A9C9-44CF-86D3-3A48828FEB23}.Debug|Any CPU.ActiveCfg = Debug|Any CPU
		{33E1A238-A9C9-44CF-86D3-3A48828FEB23}.Debug|Any CPU.Build.0 = Debug|Any CPU
		{33E1A238-A9C9-44CF-86D3-3A48828FEB23}.Release|Any CPU.ActiveCfg = Release|Any CPU
		{33E1A238-A9C9-44CF-86D3-3A48828FEB23}.Release|Any CPU.Build.0 = Release|Any CPU
		{169D68F2-5145-459F-8386-FA7C8E962FB9}.Debug|Any CPU.ActiveCfg = Debug|Any CPU
		{169D68F2-5145-459F-8386-FA7C8E962FB9}.Debug|Any CPU.Build.0 = Debug|Any CPU
		{169D68F2-5145-459F-8386-FA7C8E962FB9}.Release|Any CPU.ActiveCfg = Release|Any CPU
		{169D68F2-5145-459F-8386-FA7C8E962FB9}.Release|Any CPU.Build.0 = Release|Any CPU
	EndGlobalSection
	GlobalSection(SolutionProperties) = preSolution
		HideSolutionNode = FALSE
	EndGlobalSection
EndGlobal
