
Microsoft Visual Studio Solution File, Format Version 12.00
# Visual Studio 2012
Project("{FAE04EC0-301F-11D3-BF4B-00C04F79EFBC}") = "Provadia Numbers", "Provadia Numbers\Provadia Numbers.csproj", "{B229438F-71A9-4DA0-A83E-0E3610EE1746}"
EndProject
Project("{FAE04EC0-301F-11D3-BF4B-00C04F79EFBC}") = "Midget", "Midget\Midget.csproj", "{429504A1-522F-4BAE-B083-E0A9F7AA31AA}"
EndProject
Project("{FAE04EC0-301F-11D3-BF4B-00C04F79EFBC}") = "Ball in Cuboid", "Ball in Cuboid\Ball in Cuboid.csproj", "{343C73F7-44EC-4F20-BDC9-75A2EE5B66EA}"
EndProject
Project("{FAE04EC0-301F-11D3-BF4B-00C04F79EFBC}") = "Align Both", "Align Both\Align Both.csproj", "{F89CBB70-91CB-4756-8668-69A01E9A1D87}"
EndProject
Global
	GlobalSection(SolutionConfigurationPlatforms) = preSolution
		Debug|Any CPU = Debug|Any CPU
		Release|Any CPU = Release|Any CPU
	EndGlobalSection
	GlobalSection(ProjectConfigurationPlatforms) = postSolution
		{B229438F-71A9-4DA0-A83E-0E3610EE1746}.Debug|Any CPU.ActiveCfg = Debug|Any CPU
		{B229438F-71A9-4DA0-A83E-0E3610EE1746}.Debug|Any CPU.Build.0 = Debug|Any CPU
		{B229438F-71A9-4DA0-A83E-0E3610EE1746}.Release|Any CPU.ActiveCfg = Release|Any CPU
		{B229438F-71A9-4DA0-A83E-0E3610EE1746}.Release|Any CPU.Build.0 = Release|Any CPU
		{429504A1-522F-4BAE-B083-E0A9F7AA31AA}.Debug|Any CPU.ActiveCfg = Debug|Any CPU
		{429504A1-522F-4BAE-B083-E0A9F7AA31AA}.Debug|Any CPU.Build.0 = Debug|Any CPU
		{429504A1-522F-4BAE-B083-E0A9F7AA31AA}.Release|Any CPU.ActiveCfg = Release|Any CPU
		{429504A1-522F-4BAE-B083-E0A9F7AA31AA}.Release|Any CPU.Build.0 = Release|Any CPU
		{343C73F7-44EC-4F20-BDC9-75A2EE5B66EA}.Debug|Any CPU.ActiveCfg = Debug|Any CPU
		{343C73F7-44EC-4F20-BDC9-75A2EE5B66EA}.Debug|Any CPU.Build.0 = Debug|Any CPU
		{343C73F7-44EC-4F20-BDC9-75A2EE5B66EA}.Release|Any CPU.ActiveCfg = Release|Any CPU
		{343C73F7-44EC-4F20-BDC9-75A2EE5B66EA}.Release|Any CPU.Build.0 = Release|Any CPU
		{F89CBB70-91CB-4756-8668-69A01E9A1D87}.Debug|Any CPU.ActiveCfg = Debug|Any CPU
		{F89CBB70-91CB-4756-8668-69A01E9A1D87}.Debug|Any CPU.Build.0 = Debug|Any CPU
		{F89CBB70-91CB-4756-8668-69A01E9A1D87}.Release|Any CPU.ActiveCfg = Release|Any CPU
		{F89CBB70-91CB-4756-8668-69A01E9A1D87}.Release|Any CPU.Build.0 = Release|Any CPU
	EndGlobalSection
	GlobalSection(SolutionProperties) = preSolution
		HideSolutionNode = FALSE
	EndGlobalSection
EndGlobal
